
Microsoft Visual Studio Solution File, Format Version 12.00
# Visual Studio Version 17
VisualStudioVersion = 17.1.32319.34
MinimumVisualStudioVersion = 10.0.40219.1
Project("{9A19103F-16F7-4668-BE54-9A1E7A4F7556}") = "Eshop.Web.App", "Eshop.Web.App\Eshop.Web.App.csproj", "{2384AD05-52E9-4B33-8AE5-F1C8E8236851}"
EndProject
Project("{9A19103F-16F7-4668-BE54-9A1E7A4F7556}") = "Eshop.Domain", "Eshop.Domain\Eshop.Domain.csproj", "{9D434D5E-D51B-4FE8-BD50-43B182E7FED1}"
EndProject
Project("{9A19103F-16F7-4668-BE54-9A1E7A4F7556}") = "Eshop.Database", "Eshop.Database\Eshop.Database.csproj", "{9C864551-7EB9-44B6-96E6-0A91A66D0A8B}"
EndProject
Project("{FAE04EC0-301F-11D3-BF4B-00C04F79EFBC}") = "Eshop.Application", "Eshop.Application\Eshop.Application.csproj", "{3F8464F0-703D-44F7-B0D1-9E5DBE3BFA6A}"
EndProject
Global
	GlobalSection(SolutionConfigurationPlatforms) = preSolution
		Debug|Any CPU = Debug|Any CPU
		Release|Any CPU = Release|Any CPU
	EndGlobalSection
	GlobalSection(ProjectConfigurationPlatforms) = postSolution
		{2384AD05-52E9-4B33-8AE5-F1C8E8236851}.Debug|Any CPU.ActiveCfg = Debug|Any CPU
		{2384AD05-52E9-4B33-8AE5-F1C8E8236851}.Debug|Any CPU.Build.0 = Debug|Any CPU
		{2384AD05-52E9-4B33-8AE5-F1C8E8236851}.Release|Any CPU.ActiveCfg = Release|Any CPU
		{2384AD05-52E9-4B33-8AE5-F1C8E8236851}.Release|Any CPU.Build.0 = Release|Any CPU
		{9D434D5E-D51B-4FE8-BD50-43B182E7FED1}.Debug|Any CPU.ActiveCfg = Debug|Any CPU
		{9D434D5E-D51B-4FE8-BD50-43B182E7FED1}.Debug|Any CPU.Build.0 = Debug|Any CPU
		{9D434D5E-D51B-4FE8-BD50-43B182E7FED1}.Release|Any CPU.ActiveCfg = Release|Any CPU
		{9D434D5E-D51B-4FE8-BD50-43B182E7FED1}.Release|Any CPU.Build.0 = Release|Any CPU
		{9C864551-7EB9-44B6-96E6-0A91A66D0A8B}.Debug|Any CPU.ActiveCfg = Debug|Any CPU
		{9C864551-7EB9-44B6-96E6-0A91A66D0A8B}.Debug|Any CPU.Build.0 = Debug|Any CPU
		{9C864551-7EB9-44B6-96E6-0A91A66D0A8B}.Release|Any CPU.ActiveCfg = Release|Any CPU
		{9C864551-7EB9-44B6-96E6-0A91A66D0A8B}.Release|Any CPU.Build.0 = Release|Any CPU
		{3F8464F0-703D-44F7-B0D1-9E5DBE3BFA6A}.Debug|Any CPU.ActiveCfg = Debug|Any CPU
		{3F8464F0-703D-44F7-B0D1-9E5DBE3BFA6A}.Debug|Any CPU.Build.0 = Debug|Any CPU
		{3F8464F0-703D-44F7-B0D1-9E5DBE3BFA6A}.Release|Any CPU.ActiveCfg = Release|Any CPU
		{3F8464F0-703D-44F7-B0D1-9E5DBE3BFA6A}.Release|Any CPU.Build.0 = Release|Any CPU
	EndGlobalSection
	GlobalSection(SolutionProperties) = preSolution
		HideSolutionNode = FALSE
	EndGlobalSection
	GlobalSection(ExtensibilityGlobals) = postSolution
		SolutionGuid = {157FE31F-F0CE-44F1-824D-5436CA3FB8D0}
	EndGlobalSection
EndGlobal
